
Microsoft Visual Studio Solution File, Format Version 12.00
# Visual Studio Version 17
VisualStudioVersion = 17.0.32014.148
MinimumVisualStudioVersion = 10.0.40219.1
Project("{FAE04EC0-301F-11D3-BF4B-00C04F79EFBC}") = "oplossing_01_01", "oplossing_01_01\oplossing_01_01.csproj", "{8581A088-CF17-4805-B31C-16D1FF98B55F}"
EndProject
Global
	GlobalSection(SolutionConfigurationPlatforms) = preSolution
		Debug|Any CPU = Debug|Any CPU
		Release|Any CPU = Release|Any CPU
	EndGlobalSection
	GlobalSection(ProjectConfigurationPlatforms) = postSolution
		{8581A088-CF17-4805-B31C-16D1FF98B55F}.Debug|Any CPU.ActiveCfg = Debug|Any CPU
		{8581A088-CF17-4805-B31C-16D1FF98B55F}.Debug|Any CPU.Build.0 = Debug|Any CPU
		{8581A088-CF17-4805-B31C-16D1FF98B55F}.Release|Any CPU.ActiveCfg = Release|Any CPU
		{8581A088-CF17-4805-B31C-16D1FF98B55F}.Release|Any CPU.Build.0 = Release|Any CPU
	EndGlobalSection
	GlobalSection(SolutionProperties) = preSolution
		HideSolutionNode = FALSE
	EndGlobalSection
	GlobalSection(ExtensibilityGlobals) = postSolution
		SolutionGuid = {6437A56A-4C43-463C-AE76-F383FC327FEB}
	EndGlobalSection
EndGlobal
